
Microsoft Visual Studio Solution File, Format Version 12.00
# Visual Studio 15
VisualStudioVersion = 15.0.27703.2026
MinimumVisualStudioVersion = 10.0.40219.1
Project("{2150E333-8FDC-42A3-9474-1A3956D46DE8}") = "1-TestFrameworks", "1-TestFrameworks", "{FC88A493-2759-4CCE-91F6-7E8024BD7002}"
EndProject
Project("{2150E333-8FDC-42A3-9474-1A3956D46DE8}") = "2-TDD", "2-TDD", "{45786748-20A0-4C87-AE86-84CD407E2975}"
EndProject
Project("{FAE04EC0-301F-11D3-BF4B-00C04F79EFBC}") = "TestFrameworks-Core", "1-TestFrameworks\TestFrameworks-Core\TestFrameworks-Core.csproj", "{F0BA75D3-5E7F-44A0-84E6-0FA028C9AFB6}"
EndProject
Project("{FAE04EC0-301F-11D3-BF4B-00C04F79EFBC}") = "TestFrameworks-MSTest", "1-TestFrameworks\TestFrameworks-MSTest\TestFrameworks-MSTest.csproj", "{36ADACAE-FE70-4DDD-8874-D79C5A9E0933}"
EndProject
Project("{FAE04EC0-301F-11D3-BF4B-00C04F79EFBC}") = "TestFrameworks-NUnit", "1-TestFrameworks\TestFrameworks-NUnit\TestFrameworks-NUnit.csproj", "{A4C22041-99C4-4514-8817-A51DF6A2DECB}"
EndProject
Project("{FAE04EC0-301F-11D3-BF4B-00C04F79EFBC}") = "TestFrameworks-XUnit", "1-TestFrameworks\TestFrameworks-XUnit\TestFrameworks-XUnit.csproj", "{5918E5E1-CA76-42A8-BBDF-AA57ADBA3B44}"
EndProject
Project("{FAE04EC0-301F-11D3-BF4B-00C04F79EFBC}") = "TDD-TestDrivenDevelopment-Core", "2-TDD\TDD-TestDrivenDevelopment-Core\TDD-TestDrivenDevelopment-Core.csproj", "{FDA822C0-C3F1-4A14-BC6C-69C834C82DB8}"
EndProject
Project("{FAE04EC0-301F-11D3-BF4B-00C04F79EFBC}") = "TDD-TestDrivenDevelopment-Tests", "2-TDD\TDD-TestDrivenDevelopment-Tests\TDD-TestDrivenDevelopment-Tests.csproj", "{F931805B-ECF7-41EE-B8BE-D0A38046BE9C}"
EndProject
Project("{2150E333-8FDC-42A3-9474-1A3956D46DE8}") = "3-Moq", "3-Moq", "{75D277FF-8A8D-4C5F-8C57-2D65AC54B63B}"
EndProject
Project("{FAE04EC0-301F-11D3-BF4B-00C04F79EFBC}") = "Mocking-Core", "3-Moq\Mocking-Core\Mocking-Core.csproj", "{600FCEB1-CE4E-4F02-BE90-CFF476D85A3E}"
EndProject
Project("{FAE04EC0-301F-11D3-BF4B-00C04F79EFBC}") = "Mocking-Tests", "3-Moq\Mocking-Tests\Mocking-Tests.csproj", "{9CE9D08A-3AD7-48D6-8B80-93633611C362}"
EndProject
Project("{2150E333-8FDC-42A3-9474-1A3956D46DE8}") = "4-PropertyBasedTest", "4-PropertyBasedTest", "{A72B53E0-D897-4251-845A-1557A590EAC9}"
EndProject
Project("{FAE04EC0-301F-11D3-BF4B-00C04F79EFBC}") = "Property-Core", "4-PropertyBasedTest\Property-Core\Property-Core.csproj", "{F4F19A42-17FB-49A0-9850-07F86CC91DAF}"
EndProject
Project("{FAE04EC0-301F-11D3-BF4B-00C04F79EFBC}") = "Property-Tests", "4-PropertyBasedTest\Property-Tests\Property-Tests.csproj", "{B2322350-9116-4197-A6E9-2F9BA0A05A93}"
EndProject
Project("{2150E333-8FDC-42A3-9474-1A3956D46DE8}") = "5-BDD", "5-BDD", "{D23F9AC5-BAF1-494D-BCD3-DDC86027A479}"
EndProject
Project("{FAE04EC0-301F-11D3-BF4B-00C04F79EFBC}") = "BDD", "5-BDD\BDD\BDD.csproj", "{FE85EFE8-15DE-4603-8184-0F668791C961}"
EndProject
Global
	GlobalSection(SolutionConfigurationPlatforms) = preSolution
		Debug|Any CPU = Debug|Any CPU
		Release|Any CPU = Release|Any CPU
	EndGlobalSection
	GlobalSection(ProjectConfigurationPlatforms) = postSolution
		{F0BA75D3-5E7F-44A0-84E6-0FA028C9AFB6}.Debug|Any CPU.ActiveCfg = Debug|Any CPU
		{F0BA75D3-5E7F-44A0-84E6-0FA028C9AFB6}.Debug|Any CPU.Build.0 = Debug|Any CPU
		{F0BA75D3-5E7F-44A0-84E6-0FA028C9AFB6}.Release|Any CPU.ActiveCfg = Release|Any CPU
		{F0BA75D3-5E7F-44A0-84E6-0FA028C9AFB6}.Release|Any CPU.Build.0 = Release|Any CPU
		{36ADACAE-FE70-4DDD-8874-D79C5A9E0933}.Debug|Any CPU.ActiveCfg = Debug|Any CPU
		{36ADACAE-FE70-4DDD-8874-D79C5A9E0933}.Debug|Any CPU.Build.0 = Debug|Any CPU
		{36ADACAE-FE70-4DDD-8874-D79C5A9E0933}.Release|Any CPU.ActiveCfg = Release|Any CPU
		{36ADACAE-FE70-4DDD-8874-D79C5A9E0933}.Release|Any CPU.Build.0 = Release|Any CPU
		{A4C22041-99C4-4514-8817-A51DF6A2DECB}.Debug|Any CPU.ActiveCfg = Debug|Any CPU
		{A4C22041-99C4-4514-8817-A51DF6A2DECB}.Debug|Any CPU.Build.0 = Debug|Any CPU
		{A4C22041-99C4-4514-8817-A51DF6A2DECB}.Release|Any CPU.ActiveCfg = Release|Any CPU
		{A4C22041-99C4-4514-8817-A51DF6A2DECB}.Release|Any CPU.Build.0 = Release|Any CPU
		{5918E5E1-CA76-42A8-BBDF-AA57ADBA3B44}.Debug|Any CPU.ActiveCfg = Debug|Any CPU
		{5918E5E1-CA76-42A8-BBDF-AA57ADBA3B44}.Debug|Any CPU.Build.0 = Debug|Any CPU
		{5918E5E1-CA76-42A8-BBDF-AA57ADBA3B44}.Release|Any CPU.ActiveCfg = Release|Any CPU
		{5918E5E1-CA76-42A8-BBDF-AA57ADBA3B44}.Release|Any CPU.Build.0 = Release|Any CPU
		{FDA822C0-C3F1-4A14-BC6C-69C834C82DB8}.Debug|Any CPU.ActiveCfg = Debug|Any CPU
		{FDA822C0-C3F1-4A14-BC6C-69C834C82DB8}.Debug|Any CPU.Build.0 = Debug|Any CPU
		{FDA822C0-C3F1-4A14-BC6C-69C834C82DB8}.Release|Any CPU.ActiveCfg = Release|Any CPU
		{FDA822C0-C3F1-4A14-BC6C-69C834C82DB8}.Release|Any CPU.Build.0 = Release|Any CPU
		{F931805B-ECF7-41EE-B8BE-D0A38046BE9C}.Debug|Any CPU.ActiveCfg = Debug|Any CPU
		{F931805B-ECF7-41EE-B8BE-D0A38046BE9C}.Debug|Any CPU.Build.0 = Debug|Any CPU
		{F931805B-ECF7-41EE-B8BE-D0A38046BE9C}.Release|Any CPU.ActiveCfg = Release|Any CPU
		{F931805B-ECF7-41EE-B8BE-D0A38046BE9C}.Release|Any CPU.Build.0 = Release|Any CPU
		{600FCEB1-CE4E-4F02-BE90-CFF476D85A3E}.Debug|Any CPU.ActiveCfg = Debug|Any CPU
		{600FCEB1-CE4E-4F02-BE90-CFF476D85A3E}.Debug|Any CPU.Build.0 = Debug|Any CPU
		{600FCEB1-CE4E-4F02-BE90-CFF476D85A3E}.Release|Any CPU.ActiveCfg = Release|Any CPU
		{600FCEB1-CE4E-4F02-BE90-CFF476D85A3E}.Release|Any CPU.Build.0 = Release|Any CPU
		{9CE9D08A-3AD7-48D6-8B80-93633611C362}.Debug|Any CPU.ActiveCfg = Debug|Any CPU
		{9CE9D08A-3AD7-48D6-8B80-93633611C362}.Debug|Any CPU.Build.0 = Debug|Any CPU
		{9CE9D08A-3AD7-48D6-8B80-93633611C362}.Release|Any CPU.ActiveCfg = Release|Any CPU
		{9CE9D08A-3AD7-48D6-8B80-93633611C362}.Release|Any CPU.Build.0 = Release|Any CPU
		{F4F19A42-17FB-49A0-9850-07F86CC91DAF}.Debug|Any CPU.ActiveCfg = Debug|Any CPU
		{F4F19A42-17FB-49A0-9850-07F86CC91DAF}.Debug|Any CPU.Build.0 = Debug|Any CPU
		{F4F19A42-17FB-49A0-9850-07F86CC91DAF}.Release|Any CPU.ActiveCfg = Release|Any CPU
		{F4F19A42-17FB-49A0-9850-07F86CC91DAF}.Release|Any CPU.Build.0 = Release|Any CPU
		{B2322350-9116-4197-A6E9-2F9BA0A05A93}.Debug|Any CPU.ActiveCfg = Debug|Any CPU
		{B2322350-9116-4197-A6E9-2F9BA0A05A93}.Debug|Any CPU.Build.0 = Debug|Any CPU
		{B2322350-9116-4197-A6E9-2F9BA0A05A93}.Release|Any CPU.ActiveCfg = Release|Any CPU
		{B2322350-9116-4197-A6E9-2F9BA0A05A93}.Release|Any CPU.Build.0 = Release|Any CPU
		{FE85EFE8-15DE-4603-8184-0F668791C961}.Debug|Any CPU.ActiveCfg = Debug|Any CPU
		{FE85EFE8-15DE-4603-8184-0F668791C961}.Debug|Any CPU.Build.0 = Debug|Any CPU
		{FE85EFE8-15DE-4603-8184-0F668791C961}.Release|Any CPU.ActiveCfg = Release|Any CPU
		{FE85EFE8-15DE-4603-8184-0F668791C961}.Release|Any CPU.Build.0 = Release|Any CPU
	EndGlobalSection
	GlobalSection(SolutionProperties) = preSolution
		HideSolutionNode = FALSE
	EndGlobalSection
	GlobalSection(NestedProjects) = preSolution
		{F0BA75D3-5E7F-44A0-84E6-0FA028C9AFB6} = {FC88A493-2759-4CCE-91F6-7E8024BD7002}
		{36ADACAE-FE70-4DDD-8874-D79C5A9E0933} = {FC88A493-2759-4CCE-91F6-7E8024BD7002}
		{A4C22041-99C4-4514-8817-A51DF6A2DECB} = {FC88A493-2759-4CCE-91F6-7E8024BD7002}
		{5918E5E1-CA76-42A8-BBDF-AA57ADBA3B44} = {FC88A493-2759-4CCE-91F6-7E8024BD7002}
		{FDA822C0-C3F1-4A14-BC6C-69C834C82DB8} = {45786748-20A0-4C87-AE86-84CD407E2975}
		{F931805B-ECF7-41EE-B8BE-D0A38046BE9C} = {45786748-20A0-4C87-AE86-84CD407E2975}
		{600FCEB1-CE4E-4F02-BE90-CFF476D85A3E} = {75D277FF-8A8D-4C5F-8C57-2D65AC54B63B}
		{9CE9D08A-3AD7-48D6-8B80-93633611C362} = {75D277FF-8A8D-4C5F-8C57-2D65AC54B63B}
		{F4F19A42-17FB-49A0-9850-07F86CC91DAF} = {A72B53E0-D897-4251-845A-1557A590EAC9}
		{B2322350-9116-4197-A6E9-2F9BA0A05A93} = {A72B53E0-D897-4251-845A-1557A590EAC9}
		{FE85EFE8-15DE-4603-8184-0F668791C961} = {D23F9AC5-BAF1-494D-BCD3-DDC86027A479}
	EndGlobalSection
	GlobalSection(ExtensibilityGlobals) = postSolution
		SolutionGuid = {5F2ECB32-1762-42ED-A19E-5C655E8CA122}
	EndGlobalSection
EndGlobal
